{
    "version": 3,
    "terraform_version": "0.11.7",
    "serial": 3,
    "lineage": "947d0ebd-49e0-fa30-37ba-98082fec3ec4",
    "modules": [
        {
            "path": [
                "root"
            ],
            "outputs": {
                "default_password": {
                    "sensitive": true,
                    "type": "string",
                    "value": "kZ_8V@bZQQKpb#XU"
                },
                "ipv4_address": {
                    "sensitive": false,
                    "type": "string",
                    "value": "149.28.229.42"
                }
            },
            "resources": {
                "vultr_server.jenkins": {
                    "type": "vultr_server",
                    "depends_on": [
                        "vultr_ssh_key.sal_at_tf"
                    ],
                    "primary": {
                        "id": "16130899",
                        "attributes": {
                            "default_password": "kZ_8V@bZQQKpb#XU",
                            "hostname": "jenkins.detwa.com",
                            "id": "16130899",
                            "ipv4_address": "149.28.229.42",
                            "ipv4_private_address": "10.1.96.3",
                            "ipv6": "true",
                            "name": "Jenkins created from terraform",
                            "os_id": "244",
                            "plan_id": "200",
                            "power_status": "running",
                            "private_networking": "true",
                            "region_id": "1",
                            "ssh_key_ids.#": "1",
                            "ssh_key_ids.0": "5b143ebdf0efc",
                            "status": "active",
                            "tag": "jenkins"
                        },
                        "meta": {},
                        "tainted": false
                    },
                    "deposed": [],
                    "provider": "provider.vultr"
                },
                "vultr_ssh_key.sal_at_tf": {
                    "type": "vultr_ssh_key",
                    "depends_on": [],
                    "primary": {
                        "id": "5b143ebdf0efc",
                        "attributes": {
                            "id": "5b143ebdf0efc",
                            "name": "For VMs created from terraform",
                            "public_key": "ssh-rsa AAAAB3NzaC1yc2EAAAADAQABAAACAQDMCEcxAHFKc1RwGsqQX2EMqOx95W58CLQ+bRNEqlpZKgqnXhlYT3mLkYxuR7torUofSI+gs3Belj+HE/i+IfDLzWJVulOX24M0YTVLy16cXkSuKsfRYbRT0CIyxf22L4LjmMhM5MWSzqAspFjTZzNexaenmTuhXAHwA8daeG7RaOvRDr2+r/Ccwz3D4QX62uYLPIm55v9mTkxR71mpUHDnxuAvHQMozbBef3nImX/2mkFbaRTOgP+45cKMhi6k8g1NuMoe2j1yefdr5XEgqEsk3avcjCMc7rxx2PFoz9OISEYURbnyYFg369LmGUALFkbE4QIcMGb/Sd+jwc81jyPApv/80YSmE3AK15xVP7+sSWcjrSStYYGkg5ukVh0R1/8Q836xq8vFkcm2NUVkoyZ8oX3oK/ySoCdACOg39MeK6H5r/rRZYyCRJ+eZuVHRseShHYGRB/jH/W1UHxrvIP9G4nNFZhIddToqlBfTCLMCJNbEkE+OXdgfe72MDWF5IeTlhOTJC3RJQ76V51gskGUs/ReZ619QDihvBb28W6rm2plcGx8Yk0p9MEayFb4FtwNmcsKWOTK/ZcT7TUdKBuykI5/S+6AAhDOCDxrYMLqnuSuOU2E5mrcalcTrjQGBDEu9rVbJvwry/30KzljeBGe4GYuO/QLPxhT7x4BVZxUB0w== terraform"
                        },
                        "meta": {},
                        "tainted": false
                    },
                    "deposed": [],
                    "provider": "provider.vultr"
                }
            },
            "depends_on": []
        }
    ]
}
